{
  "name": "leafdl",
  "version": "1.0.1",
  "lockfileVersion": 1,
  "requires": true,
  "dependencies": {
    "@terminalfreaks/clover": {
      "version": "1.1.2",
      "resolved": "https://registry.npmjs.org/@terminalfreaks/clover/-/clover-1.1.2.tgz",
      "integrity": "sha512-CGDZ1GfFmsrJiLQJuGMP0RjfYIk3KDrxHoUNXJYrs8Mg+6JnAyNIYhdKmPVtTD/4qgtYrfjBqhnCj5ed2Kag2A=="
    },
    "ansiplace": {
      "version": "1.1.2",
      "resolved": "https://registry.npmjs.org/ansiplace/-/ansiplace-1.1.2.tgz",
      "integrity": "sha512-GzrA+dGrDt+mntkzDhymQPiBLo1Nh4Czq8M57r6Lebb7u4T0LQ6eoTK5su8uHl7U5sfTtzuZs8eJbHXy0867Pg=="
    },
    "loggaby": {
      "version": "1.0.1",
      "resolved": "https://registry.npmjs.org/loggaby/-/loggaby-1.0.1.tgz",
      "integrity": "sha512-kNtOenB0AsZ0Kz0nEvmC6oKxk3auCkEbV9xT887AoC+l33YO+1Gta7C31UY3laJbdr7SEv6B96BUs5LIeKAK8w==",
      "requires": {
        "ansiplace": "^1.1.0"
      }
    },
    "node-fetch": {
      "version": "2.6.0",
      "resolved": "https://registry.npmjs.org/node-fetch/-/node-fetch-2.6.0.tgz",
      "integrity": "sha512-8dG4H5ujfvFiqDmVu9fQ5bOHUC15JMjMY/Zumv26oOvvVJjM67KF8koCWIabKQ1GJIa9r2mMZscBq/TbdOcmNA=="
    }
  }
}
